Microsoft Visual Studio Solution File, Format Version 12.00
# Visual Studio 2013
Project("{8BC9CEB8-8B4A-11D0-8D11-00A0C91BC942}") = "ALL_BUILD", "ALL_BUILD.vcxproj", "{17BB18E8-A2E3-33F7-8049-B8CEDE268D5F}"
	ProjectSection(ProjectDependencies) = postProject
		{C658EF49-E84D-3FCA-821A-EE96DFD1F22E} = {C658EF49-E84D-3FCA-821A-EE96DFD1F22E}
		{044DA556-3000-36F0-AD0D-1CF915852E97} = {044DA556-3000-36F0-AD0D-1CF915852E97}
		{10976716-6404-34A4-85B8-5BEDA142553C} = {10976716-6404-34A4-85B8-5BEDA142553C}
		{B1EE0478-E8CB-3443-A335-C4D405F82ADE} = {B1EE0478-E8CB-3443-A335-C4D405F82ADE}
		{2BDBEC45-1964-30F8-B367-6A1C66A26F24} = {2BDBEC45-1964-30F8-B367-6A1C66A26F24}
		{CE4C6344-CEDB-3234-835C-A8D431B7CC99} = {CE4C6344-CEDB-3234-835C-A8D431B7CC99}
		{5A61AC16-D0C7-33EB-9D5C-29C11D177B75} = {5A61AC16-D0C7-33EB-9D5C-29C11D177B75}
		{52B8405F-D0FE-38A4-8BCD-BBEFBAD2242F} = {52B8405F-D0FE-38A4-8BCD-BBEFBAD2242F}
		{6D5B26FB-F8C2-37F7-B8A0-0D7F39C6BC18} = {6D5B26FB-F8C2-37F7-B8A0-0D7F39C6BC18}
		{397CCF1C-4AC8-359A-ACE2-D69CB47505F6} = {397CCF1C-4AC8-359A-ACE2-D69CB47505F6}
		{317C0CD2-8BC3-3EEB-A554-328340160828} = {317C0CD2-8BC3-3EEB-A554-328340160828}
		{205F1B70-3366-3B89-AC08-B40D64B2A9CA} = {205F1B70-3366-3B89-AC08-B40D64B2A9CA}
	EndProjectSection
EndProject
Project("{8BC9CEB8-8B4A-11D0-8D11-00A0C91BC942}") = "INSTALL", "INSTALL.vcxproj", "{C68841E5-5D4A-3D9E-9327-F907BE0E1FB1}"
	ProjectSection(ProjectDependencies) = postProject
		{17BB18E8-A2E3-33F7-8049-B8CEDE268D5F} = {17BB18E8-A2E3-33F7-8049-B8CEDE268D5F}
		{C658EF49-E84D-3FCA-821A-EE96DFD1F22E} = {C658EF49-E84D-3FCA-821A-EE96DFD1F22E}
	EndProjectSection
EndProject
Project("{8BC9CEB8-8B4A-11D0-8D11-00A0C91BC942}") = "ZERO_CHECK", "ZERO_CHECK.vcxproj", "{C658EF49-E84D-3FCA-821A-EE96DFD1F22E}"
	ProjectSection(ProjectDependencies) = postProject
	EndProjectSection
EndProject
Project("{8BC9CEB8-8B4A-11D0-8D11-00A0C91BC942}") = "check", "check.vcxproj", "{4F1756B4-ABEE-3385-85F3-CFF6FF873032}"
	ProjectSection(ProjectDependencies) = postProject
		{C658EF49-E84D-3FCA-821A-EE96DFD1F22E} = {C658EF49-E84D-3FCA-821A-EE96DFD1F22E}
		{317C0CD2-8BC3-3EEB-A554-328340160828} = {317C0CD2-8BC3-3EEB-A554-328340160828}
		{205F1B70-3366-3B89-AC08-B40D64B2A9CA} = {205F1B70-3366-3B89-AC08-B40D64B2A9CA}
	EndProjectSection
EndProject
Project("{8BC9CEB8-8B4A-11D0-8D11-00A0C91BC942}") = "gmock", "gmock.vcxproj", "{044DA556-3000-36F0-AD0D-1CF915852E97}"
	ProjectSection(ProjectDependencies) = postProject
		{C658EF49-E84D-3FCA-821A-EE96DFD1F22E} = {C658EF49-E84D-3FCA-821A-EE96DFD1F22E}
	EndProjectSection
EndProject
Project("{8BC9CEB8-8B4A-11D0-8D11-00A0C91BC942}") = "gmock_main", "gmock_main.vcxproj", "{10976716-6404-34A4-85B8-5BEDA142553C}"
	ProjectSection(ProjectDependencies) = postProject
		{C658EF49-E84D-3FCA-821A-EE96DFD1F22E} = {C658EF49-E84D-3FCA-821A-EE96DFD1F22E}
		{044DA556-3000-36F0-AD0D-1CF915852E97} = {044DA556-3000-36F0-AD0D-1CF915852E97}
	EndProjectSection
EndProject
Project("{8BC9CEB8-8B4A-11D0-8D11-00A0C91BC942}") = "js_embed", "js_embed.vcxproj", "{B1EE0478-E8CB-3443-A335-C4D405F82ADE}"
	ProjectSection(ProjectDependencies) = postProject
		{C658EF49-E84D-3FCA-821A-EE96DFD1F22E} = {C658EF49-E84D-3FCA-821A-EE96DFD1F22E}
	EndProjectSection
EndProject
Project("{8BC9CEB8-8B4A-11D0-8D11-00A0C91BC942}") = "libprotobuf", "libprotobuf.vcxproj", "{2BDBEC45-1964-30F8-B367-6A1C66A26F24}"
	ProjectSection(ProjectDependencies) = postProject
		{C658EF49-E84D-3FCA-821A-EE96DFD1F22E} = {C658EF49-E84D-3FCA-821A-EE96DFD1F22E}
	EndProjectSection
EndProject
Project("{8BC9CEB8-8B4A-11D0-8D11-00A0C91BC942}") = "libprotobuf-lite", "libprotobuf-lite.vcxproj", "{CE4C6344-CEDB-3234-835C-A8D431B7CC99}"
	ProjectSection(ProjectDependencies) = postProject
		{C658EF49-E84D-3FCA-821A-EE96DFD1F22E} = {C658EF49-E84D-3FCA-821A-EE96DFD1F22E}
	EndProjectSection
EndProject
Project("{8BC9CEB8-8B4A-11D0-8D11-00A0C91BC942}") = "libprotoc", "libprotoc.vcxproj", "{5A61AC16-D0C7-33EB-9D5C-29C11D177B75}"
	ProjectSection(ProjectDependencies) = postProject
		{C658EF49-E84D-3FCA-821A-EE96DFD1F22E} = {C658EF49-E84D-3FCA-821A-EE96DFD1F22E}
		{B1EE0478-E8CB-3443-A335-C4D405F82ADE} = {B1EE0478-E8CB-3443-A335-C4D405F82ADE}
		{2BDBEC45-1964-30F8-B367-6A1C66A26F24} = {2BDBEC45-1964-30F8-B367-6A1C66A26F24}
	EndProjectSection
EndProject
Project("{8BC9CEB8-8B4A-11D0-8D11-00A0C91BC942}") = "lite-arena-test", "lite-arena-test.vcxproj", "{52B8405F-D0FE-38A4-8BCD-BBEFBAD2242F}"
	ProjectSection(ProjectDependencies) = postProject
		{C658EF49-E84D-3FCA-821A-EE96DFD1F22E} = {C658EF49-E84D-3FCA-821A-EE96DFD1F22E}
		{044DA556-3000-36F0-AD0D-1CF915852E97} = {044DA556-3000-36F0-AD0D-1CF915852E97}
		{10976716-6404-34A4-85B8-5BEDA142553C} = {10976716-6404-34A4-85B8-5BEDA142553C}
		{CE4C6344-CEDB-3234-835C-A8D431B7CC99} = {CE4C6344-CEDB-3234-835C-A8D431B7CC99}
		{397CCF1C-4AC8-359A-ACE2-D69CB47505F6} = {397CCF1C-4AC8-359A-ACE2-D69CB47505F6}
	EndProjectSection
EndProject
Project("{8BC9CEB8-8B4A-11D0-8D11-00A0C91BC942}") = "lite-test", "lite-test.vcxproj", "{6D5B26FB-F8C2-37F7-B8A0-0D7F39C6BC18}"
	ProjectSection(ProjectDependencies) = postProject
		{C658EF49-E84D-3FCA-821A-EE96DFD1F22E} = {C658EF49-E84D-3FCA-821A-EE96DFD1F22E}
		{044DA556-3000-36F0-AD0D-1CF915852E97} = {044DA556-3000-36F0-AD0D-1CF915852E97}
		{10976716-6404-34A4-85B8-5BEDA142553C} = {10976716-6404-34A4-85B8-5BEDA142553C}
		{CE4C6344-CEDB-3234-835C-A8D431B7CC99} = {CE4C6344-CEDB-3234-835C-A8D431B7CC99}
		{397CCF1C-4AC8-359A-ACE2-D69CB47505F6} = {397CCF1C-4AC8-359A-ACE2-D69CB47505F6}
	EndProjectSection
EndProject
Project("{8BC9CEB8-8B4A-11D0-8D11-00A0C91BC942}") = "protoc", "protoc.vcxproj", "{397CCF1C-4AC8-359A-ACE2-D69CB47505F6}"
	ProjectSection(ProjectDependencies) = postProject
		{C658EF49-E84D-3FCA-821A-EE96DFD1F22E} = {C658EF49-E84D-3FCA-821A-EE96DFD1F22E}
		{2BDBEC45-1964-30F8-B367-6A1C66A26F24} = {2BDBEC45-1964-30F8-B367-6A1C66A26F24}
		{5A61AC16-D0C7-33EB-9D5C-29C11D177B75} = {5A61AC16-D0C7-33EB-9D5C-29C11D177B75}
	EndProjectSection
EndProject
Project("{8BC9CEB8-8B4A-11D0-8D11-00A0C91BC942}") = "test_plugin", "test_plugin.vcxproj", "{317C0CD2-8BC3-3EEB-A554-328340160828}"
	ProjectSection(ProjectDependencies) = postProject
		{C658EF49-E84D-3FCA-821A-EE96DFD1F22E} = {C658EF49-E84D-3FCA-821A-EE96DFD1F22E}
		{044DA556-3000-36F0-AD0D-1CF915852E97} = {044DA556-3000-36F0-AD0D-1CF915852E97}
		{2BDBEC45-1964-30F8-B367-6A1C66A26F24} = {2BDBEC45-1964-30F8-B367-6A1C66A26F24}
		{5A61AC16-D0C7-33EB-9D5C-29C11D177B75} = {5A61AC16-D0C7-33EB-9D5C-29C11D177B75}
	EndProjectSection
EndProject
Project("{8BC9CEB8-8B4A-11D0-8D11-00A0C91BC942}") = "tests", "tests.vcxproj", "{205F1B70-3366-3B89-AC08-B40D64B2A9CA}"
	ProjectSection(ProjectDependencies) = postProject
		{C658EF49-E84D-3FCA-821A-EE96DFD1F22E} = {C658EF49-E84D-3FCA-821A-EE96DFD1F22E}
		{044DA556-3000-36F0-AD0D-1CF915852E97} = {044DA556-3000-36F0-AD0D-1CF915852E97}
		{10976716-6404-34A4-85B8-5BEDA142553C} = {10976716-6404-34A4-85B8-5BEDA142553C}
		{2BDBEC45-1964-30F8-B367-6A1C66A26F24} = {2BDBEC45-1964-30F8-B367-6A1C66A26F24}
		{5A61AC16-D0C7-33EB-9D5C-29C11D177B75} = {5A61AC16-D0C7-33EB-9D5C-29C11D177B75}
		{397CCF1C-4AC8-359A-ACE2-D69CB47505F6} = {397CCF1C-4AC8-359A-ACE2-D69CB47505F6}
	EndProjectSection
EndProject
Global
	GlobalSection(SolutionConfigurationPlatforms) = preSolution
		Debug|Win32 = Debug|Win32
		Release|Win32 = Release|Win32
		MinSizeRel|Win32 = MinSizeRel|Win32
		RelWithDebInfo|Win32 = RelWithDebInfo|Win32
	EndGlobalSection
	GlobalSection(ProjectConfigurationPlatforms) = postSolution
		{17BB18E8-A2E3-33F7-8049-B8CEDE268D5F}.Debug|Win32.ActiveCfg = Debug|Win32
		{17BB18E8-A2E3-33F7-8049-B8CEDE268D5F}.Debug|Win32.Build.0 = Debug|Win32
		{17BB18E8-A2E3-33F7-8049-B8CEDE268D5F}.Release|Win32.ActiveCfg = Release|Win32
		{17BB18E8-A2E3-33F7-8049-B8CEDE268D5F}.Release|Win32.Build.0 = Release|Win32
		{17BB18E8-A2E3-33F7-8049-B8CEDE268D5F}.MinSizeRel|Win32.ActiveCfg = MinSizeRel|Win32
		{17BB18E8-A2E3-33F7-8049-B8CEDE268D5F}.MinSizeRel|Win32.Build.0 = MinSizeRel|Win32
		{17BB18E8-A2E3-33F7-8049-B8CEDE268D5F}.RelWithDebInfo|Win32.ActiveCfg = RelWithDebInfo|Win32
		{17BB18E8-A2E3-33F7-8049-B8CEDE268D5F}.RelWithDebInfo|Win32.Build.0 = RelWithDebInfo|Win32
		{C68841E5-5D4A-3D9E-9327-F907BE0E1FB1}.Debug|Win32.ActiveCfg = Debug|Win32
		{C68841E5-5D4A-3D9E-9327-F907BE0E1FB1}.Release|Win32.ActiveCfg = Release|Win32
		{C68841E5-5D4A-3D9E-9327-F907BE0E1FB1}.MinSizeRel|Win32.ActiveCfg = MinSizeRel|Win32
		{C68841E5-5D4A-3D9E-9327-F907BE0E1FB1}.RelWithDebInfo|Win32.ActiveCfg = RelWithDebInfo|Win32
		{C658EF49-E84D-3FCA-821A-EE96DFD1F22E}.Debug|Win32.ActiveCfg = Debug|Win32
		{C658EF49-E84D-3FCA-821A-EE96DFD1F22E}.Debug|Win32.Build.0 = Debug|Win32
		{C658EF49-E84D-3FCA-821A-EE96DFD1F22E}.Release|Win32.ActiveCfg = Release|Win32
		{C658EF49-E84D-3FCA-821A-EE96DFD1F22E}.Release|Win32.Build.0 = Release|Win32
		{C658EF49-E84D-3FCA-821A-EE96DFD1F22E}.MinSizeRel|Win32.ActiveCfg = MinSizeRel|Win32
		{C658EF49-E84D-3FCA-821A-EE96DFD1F22E}.MinSizeRel|Win32.Build.0 = MinSizeRel|Win32
		{C658EF49-E84D-3FCA-821A-EE96DFD1F22E}.RelWithDebInfo|Win32.ActiveCfg = RelWithDebInfo|Win32
		{C658EF49-E84D-3FCA-821A-EE96DFD1F22E}.RelWithDebInfo|Win32.Build.0 = RelWithDebInfo|Win32
		{4F1756B4-ABEE-3385-85F3-CFF6FF873032}.Debug|Win32.ActiveCfg = Debug|Win32
		{4F1756B4-ABEE-3385-85F3-CFF6FF873032}.Release|Win32.ActiveCfg = Release|Win32
		{4F1756B4-ABEE-3385-85F3-CFF6FF873032}.MinSizeRel|Win32.ActiveCfg = MinSizeRel|Win32
		{4F1756B4-ABEE-3385-85F3-CFF6FF873032}.RelWithDebInfo|Win32.ActiveCfg = RelWithDebInfo|Win32
		{044DA556-3000-36F0-AD0D-1CF915852E97}.Debug|Win32.ActiveCfg = Debug|Win32
		{044DA556-3000-36F0-AD0D-1CF915852E97}.Debug|Win32.Build.0 = Debug|Win32
		{044DA556-3000-36F0-AD0D-1CF915852E97}.Release|Win32.ActiveCfg = Release|Win32
		{044DA556-3000-36F0-AD0D-1CF915852E97}.Release|Win32.Build.0 = Release|Win32
		{044DA556-3000-36F0-AD0D-1CF915852E97}.MinSizeRel|Win32.ActiveCfg = MinSizeRel|Win32
		{044DA556-3000-36F0-AD0D-1CF915852E97}.MinSizeRel|Win32.Build.0 = MinSizeRel|Win32
		{044DA556-3000-36F0-AD0D-1CF915852E97}.RelWithDebInfo|Win32.ActiveCfg = RelWithDebInfo|Win32
		{044DA556-3000-36F0-AD0D-1CF915852E97}.RelWithDebInfo|Win32.Build.0 = RelWithDebInfo|Win32
		{10976716-6404-34A4-85B8-5BEDA142553C}.Debug|Win32.ActiveCfg = Debug|Win32
		{10976716-6404-34A4-85B8-5BEDA142553C}.Debug|Win32.Build.0 = Debug|Win32
		{10976716-6404-34A4-85B8-5BEDA142553C}.Release|Win32.ActiveCfg = Release|Win32
		{10976716-6404-34A4-85B8-5BEDA142553C}.Release|Win32.Build.0 = Release|Win32
		{10976716-6404-34A4-85B8-5BEDA142553C}.MinSizeRel|Win32.ActiveCfg = MinSizeRel|Win32
		{10976716-6404-34A4-85B8-5BEDA142553C}.MinSizeRel|Win32.Build.0 = MinSizeRel|Win32
		{10976716-6404-34A4-85B8-5BEDA142553C}.RelWithDebInfo|Win32.ActiveCfg = RelWithDebInfo|Win32
		{10976716-6404-34A4-85B8-5BEDA142553C}.RelWithDebInfo|Win32.Build.0 = RelWithDebInfo|Win32
		{B1EE0478-E8CB-3443-A335-C4D405F82ADE}.Debug|Win32.ActiveCfg = Debug|Win32
		{B1EE0478-E8CB-3443-A335-C4D405F82ADE}.Debug|Win32.Build.0 = Debug|Win32
		{B1EE0478-E8CB-3443-A335-C4D405F82ADE}.Release|Win32.ActiveCfg = Release|Win32
		{B1EE0478-E8CB-3443-A335-C4D405F82ADE}.Release|Win32.Build.0 = Release|Win32
		{B1EE0478-E8CB-3443-A335-C4D405F82ADE}.MinSizeRel|Win32.ActiveCfg = MinSizeRel|Win32
		{B1EE0478-E8CB-3443-A335-C4D405F82ADE}.MinSizeRel|Win32.Build.0 = MinSizeRel|Win32
		{B1EE0478-E8CB-3443-A335-C4D405F82ADE}.RelWithDebInfo|Win32.ActiveCfg = RelWithDebInfo|Win32
		{B1EE0478-E8CB-3443-A335-C4D405F82ADE}.RelWithDebInfo|Win32.Build.0 = RelWithDebInfo|Win32
		{2BDBEC45-1964-30F8-B367-6A1C66A26F24}.Debug|Win32.ActiveCfg = Debug|Win32
		{2BDBEC45-1964-30F8-B367-6A1C66A26F24}.Debug|Win32.Build.0 = Debug|Win32
		{2BDBEC45-1964-30F8-B367-6A1C66A26F24}.Release|Win32.ActiveCfg = Release|Win32
		{2BDBEC45-1964-30F8-B367-6A1C66A26F24}.Release|Win32.Build.0 = Release|Win32
		{2BDBEC45-1964-30F8-B367-6A1C66A26F24}.MinSizeRel|Win32.ActiveCfg = MinSizeRel|Win32
		{2BDBEC45-1964-30F8-B367-6A1C66A26F24}.MinSizeRel|Win32.Build.0 = MinSizeRel|Win32
		{2BDBEC45-1964-30F8-B367-6A1C66A26F24}.RelWithDebInfo|Win32.ActiveCfg = RelWithDebInfo|Win32
		{2BDBEC45-1964-30F8-B367-6A1C66A26F24}.RelWithDebInfo|Win32.Build.0 = RelWithDebInfo|Win32
		{CE4C6344-CEDB-3234-835C-A8D431B7CC99}.Debug|Win32.ActiveCfg = Debug|Win32
		{CE4C6344-CEDB-3234-835C-A8D431B7CC99}.Debug|Win32.Build.0 = Debug|Win32
		{CE4C6344-CEDB-3234-835C-A8D431B7CC99}.Release|Win32.ActiveCfg = Release|Win32
		{CE4C6344-CEDB-3234-835C-A8D431B7CC99}.Release|Win32.Build.0 = Release|Win32
		{CE4C6344-CEDB-3234-835C-A8D431B7CC99}.MinSizeRel|Win32.ActiveCfg = MinSizeRel|Win32
		{CE4C6344-CEDB-3234-835C-A8D431B7CC99}.MinSizeRel|Win32.Build.0 = MinSizeRel|Win32
		{CE4C6344-CEDB-3234-835C-A8D431B7CC99}.RelWithDebInfo|Win32.ActiveCfg = RelWithDebInfo|Win32
		{CE4C6344-CEDB-3234-835C-A8D431B7CC99}.RelWithDebInfo|Win32.Build.0 = RelWithDebInfo|Win32
		{5A61AC16-D0C7-33EB-9D5C-29C11D177B75}.Debug|Win32.ActiveCfg = Debug|Win32
		{5A61AC16-D0C7-33EB-9D5C-29C11D177B75}.Debug|Win32.Build.0 = Debug|Win32
		{5A61AC16-D0C7-33EB-9D5C-29C11D177B75}.Release|Win32.ActiveCfg = Release|Win32
		{5A61AC16-D0C7-33EB-9D5C-29C11D177B75}.Release|Win32.Build.0 = Release|Win32
		{5A61AC16-D0C7-33EB-9D5C-29C11D177B75}.MinSizeRel|Win32.ActiveCfg = MinSizeRel|Win32
		{5A61AC16-D0C7-33EB-9D5C-29C11D177B75}.MinSizeRel|Win32.Build.0 = MinSizeRel|Win32
		{5A61AC16-D0C7-33EB-9D5C-29C11D177B75}.RelWithDebInfo|Win32.ActiveCfg = RelWithDebInfo|Win32
		{5A61AC16-D0C7-33EB-9D5C-29C11D177B75}.RelWithDebInfo|Win32.Build.0 = RelWithDebInfo|Win32
		{52B8405F-D0FE-38A4-8BCD-BBEFBAD2242F}.Debug|Win32.ActiveCfg = Debug|Win32
		{52B8405F-D0FE-38A4-8BCD-BBEFBAD2242F}.Debug|Win32.Build.0 = Debug|Win32
		{52B8405F-D0FE-38A4-8BCD-BBEFBAD2242F}.Release|Win32.ActiveCfg = Release|Win32
		{52B8405F-D0FE-38A4-8BCD-BBEFBAD2242F}.Release|Win32.Build.0 = Release|Win32
		{52B8405F-D0FE-38A4-8BCD-BBEFBAD2242F}.MinSizeRel|Win32.ActiveCfg = MinSizeRel|Win32
		{52B8405F-D0FE-38A4-8BCD-BBEFBAD2242F}.MinSizeRel|Win32.Build.0 = MinSizeRel|Win32
		{52B8405F-D0FE-38A4-8BCD-BBEFBAD2242F}.RelWithDebInfo|Win32.ActiveCfg = RelWithDebInfo|Win32
		{52B8405F-D0FE-38A4-8BCD-BBEFBAD2242F}.RelWithDebInfo|Win32.Build.0 = RelWithDebInfo|Win32
		{6D5B26FB-F8C2-37F7-B8A0-0D7F39C6BC18}.Debug|Win32.ActiveCfg = Debug|Win32
		{6D5B26FB-F8C2-37F7-B8A0-0D7F39C6BC18}.Debug|Win32.Build.0 = Debug|Win32
		{6D5B26FB-F8C2-37F7-B8A0-0D7F39C6BC18}.Release|Win32.ActiveCfg = Release|Win32
		{6D5B26FB-F8C2-37F7-B8A0-0D7F39C6BC18}.Release|Win32.Build.0 = Release|Win32
		{6D5B26FB-F8C2-37F7-B8A0-0D7F39C6BC18}.MinSizeRel|Win32.ActiveCfg = MinSizeRel|Win32
		{6D5B26FB-F8C2-37F7-B8A0-0D7F39C6BC18}.MinSizeRel|Win32.Build.0 = MinSizeRel|Win32
		{6D5B26FB-F8C2-37F7-B8A0-0D7F39C6BC18}.RelWithDebInfo|Win32.ActiveCfg = RelWithDebInfo|Win32
		{6D5B26FB-F8C2-37F7-B8A0-0D7F39C6BC18}.RelWithDebInfo|Win32.Build.0 = RelWithDebInfo|Win32
		{397CCF1C-4AC8-359A-ACE2-D69CB47505F6}.Debug|Win32.ActiveCfg = Debug|Win32
		{397CCF1C-4AC8-359A-ACE2-D69CB47505F6}.Debug|Win32.Build.0 = Debug|Win32
		{397CCF1C-4AC8-359A-ACE2-D69CB47505F6}.Release|Win32.ActiveCfg = Release|Win32
		{397CCF1C-4AC8-359A-ACE2-D69CB47505F6}.Release|Win32.Build.0 = Release|Win32
		{397CCF1C-4AC8-359A-ACE2-D69CB47505F6}.MinSizeRel|Win32.ActiveCfg = MinSizeRel|Win32
		{397CCF1C-4AC8-359A-ACE2-D69CB47505F6}.MinSizeRel|Win32.Build.0 = MinSizeRel|Win32
		{397CCF1C-4AC8-359A-ACE2-D69CB47505F6}.RelWithDebInfo|Win32.ActiveCfg = RelWithDebInfo|Win32
		{397CCF1C-4AC8-359A-ACE2-D69CB47505F6}.RelWithDebInfo|Win32.Build.0 = RelWithDebInfo|Win32
		{317C0CD2-8BC3-3EEB-A554-328340160828}.Debug|Win32.ActiveCfg = Debug|Win32
		{317C0CD2-8BC3-3EEB-A554-328340160828}.Debug|Win32.Build.0 = Debug|Win32
		{317C0CD2-8BC3-3EEB-A554-328340160828}.Release|Win32.ActiveCfg = Release|Win32
		{317C0CD2-8BC3-3EEB-A554-328340160828}.Release|Win32.Build.0 = Release|Win32
		{317C0CD2-8BC3-3EEB-A554-328340160828}.MinSizeRel|Win32.ActiveCfg = MinSizeRel|Win32
		{317C0CD2-8BC3-3EEB-A554-328340160828}.MinSizeRel|Win32.Build.0 = MinSizeRel|Win32
		{317C0CD2-8BC3-3EEB-A554-328340160828}.RelWithDebInfo|Win32.ActiveCfg = RelWithDebInfo|Win32
		{317C0CD2-8BC3-3EEB-A554-328340160828}.RelWithDebInfo|Win32.Build.0 = RelWithDebInfo|Win32
		{205F1B70-3366-3B89-AC08-B40D64B2A9CA}.Debug|Win32.ActiveCfg = Debug|Win32
		{205F1B70-3366-3B89-AC08-B40D64B2A9CA}.Debug|Win32.Build.0 = Debug|Win32
		{205F1B70-3366-3B89-AC08-B40D64B2A9CA}.Release|Win32.ActiveCfg = Release|Win32
		{205F1B70-3366-3B89-AC08-B40D64B2A9CA}.Release|Win32.Build.0 = Release|Win32
		{205F1B70-3366-3B89-AC08-B40D64B2A9CA}.MinSizeRel|Win32.ActiveCfg = MinSizeRel|Win32
		{205F1B70-3366-3B89-AC08-B40D64B2A9CA}.MinSizeRel|Win32.Build.0 = MinSizeRel|Win32
		{205F1B70-3366-3B89-AC08-B40D64B2A9CA}.RelWithDebInfo|Win32.ActiveCfg = RelWithDebInfo|Win32
		{205F1B70-3366-3B89-AC08-B40D64B2A9CA}.RelWithDebInfo|Win32.Build.0 = RelWithDebInfo|Win32
	EndGlobalSection
	GlobalSection(ExtensibilityGlobals) = postSolution
	EndGlobalSection
	GlobalSection(ExtensibilityAddIns) = postSolution
	EndGlobalSection
EndGlobal
